<?xml version="1.0" encoding="utf-8"?>
<Project ToolsVersion="4.0" xmlns="http://schemas.microsoft.com/developer/msbuild/2003">
  <ItemGroup>
    <Filter Include="include">
      <UniqueIdentifier>{93995380-89BD-4b04-88EB-625FBE52EBFB}</UniqueIdentifier>
      <Extensions>h;hh;hpp;hxx;h++;hm;inl;inc;ipp;xsd</Extensions>
    </Filter>
    <Filter Include="include\base">
      <UniqueIdentifier>{af50f178-7418-4dc9-acc8-1494bd3b76d3}</UniqueIdentifier>
    </Filter>
    <Filter Include="src">
      <UniqueIdentifier>{4FC737F1-C7A5-4376-A066-2A32D752A2FF}</UniqueIdentifier>
      <Extensions>cpp;c;cc;cxx;c++;cppm;ixx;def;odl;idl;hpj;bat;asm;asmx</Extensions>
    </Filter>
    <Filter Include="resource">
      <UniqueIdentifier>{67DA6AB6-F800-4c08-8B7A-83BB121AAD01}</UniqueIdentifier>
      <Extensions>rc;ico;cur;bmp;dlg;rc2;rct;bin;rgs;gif;jpg;jpeg;jpe;resx;tiff;tif;png;wav;mfcribbon-ms</Extensions>
    </Filter>
    <Filter Include="scripts">
      <UniqueIdentifier>{c5208363-1f9e-447f-a183-a3fe44cb06c9}</UniqueIdentifier>
    </Filter>
  </ItemGroup>
  <ItemGroup>
    <ClCompile Include="src\main.cpp">
      <Filter>src</Filter>
    </ClCompile>
    <ClCompile Include="src\game.cpp">
      <Filter>src</Filter>
    </ClCompile>
    <ClCompile Include="src\common.cpp">
      <Filter>src</Filter>
    </ClCompile>
    <ClCompile Include="src\dlg.cpp">
      <Filter>src</Filter>
    </ClCompile>
    <ClCompile Include="src\games\sokoban.cpp">
      <Filter>src</Filter>
    </ClCompile>
    <ClCompile Include="src\games\tetris.cpp">
      <Filter>src</Filter>
    </ClCompile>
    <ClCompile Include="src\games\utils.cpp">
      <Filter>src</Filter>
    </ClCompile>
    <ClCompile Include="src\games\snake.cpp">
      <Filter>src</Filter>
    </ClCompile>
  </ItemGroup>
  <ItemGroup>
    <ClInclude Include="include\game.hpp">
      <Filter>include</Filter>
    </ClInclude>
    <ClInclude Include="include\base\ables.hpp">
      <Filter>include\base</Filter>
    </ClInclude>
    <ClInclude Include="include\common.hpp">
      <Filter>include</Filter>
    </ClInclude>
    <ClInclude Include="resource.h">
      <Filter>include</Filter>
    </ClInclude>
    <ClInclude Include="include\dlg.hpp">
      <Filter>include</Filter>
    </ClInclude>
    <ClInclude Include="include\games\sokoban.hpp">
      <Filter>include</Filter>
    </ClInclude>
    <ClInclude Include="include\games\games.hpp">
      <Filter>include</Filter>
    </ClInclude>
    <ClInclude Include="include\games\tetris.hpp">
      <Filter>include</Filter>
    </ClInclude>
    <ClInclude Include="include\games\utils.hpp">
      <Filter>include</Filter>
    </ClInclude>
    <ClInclude Include="include\games\snake.hpp">
      <Filter>include</Filter>
    </ClInclude>
  </ItemGroup>
  <ItemGroup>
    <Image Include="resource\sokoban\male.bmp">
      <Filter>resource</Filter>
    </Image>
    <Image Include="resource\sokoban\box.bmp">
      <Filter>resource</Filter>
    </Image>
    <Image Include="resource\sokoban\ball.bmp">
      <Filter>resource</Filter>
    </Image>
    <Image Include="resource\sokoban\wall.bmp">
      <Filter>resource</Filter>
    </Image>
    <Image Include="resource\snake\apple_red_64.bmp">
      <Filter>resource</Filter>
    </Image>
    <Image Include="resource\snake\bomb_64.bmp">
      <Filter>resource</Filter>
    </Image>
    <Image Include="resource\snake\snake_yellow_blob_64.bmp">
      <Filter>resource</Filter>
    </Image>
    <Image Include="resource\snake\snake_yellow_head_64.bmp">
      <Filter>resource</Filter>
    </Image>
    <Image Include="resource\snake\wall_block_64_0.bmp">
      <Filter>resource</Filter>
    </Image>
  </ItemGroup>
  <ItemGroup>
    <None Include="scripts\format.sh">
      <Filter>scripts</Filter>
    </None>
  </ItemGroup>
  <ItemGroup>
    <ResourceCompile Include="Main.rc">
      <Filter>resource</Filter>
    </ResourceCompile>
  </ItemGroup>
</Project>